
Microsoft Visual Studio Solution File, Format Version 12.00
# Visual Studio 15
VisualStudioVersion = 15.0.28307.421
MinimumVisualStudioVersion = 10.0.40219.1
Project("{FAE04EC0-301F-11D3-BF4B-00C04F79EFBC}") = "RazorPagesMovie", "RazorPagesMovie\RazorPagesMovie.csproj", "{4B96E19E-C68C-4CFD-AC58-36CF3F724611}"
EndProject
Global
	GlobalSection(SolutionConfigurationPlatforms) = preSolution
		Debug|Any CPU = Debug|Any CPU
		Release|Any CPU = Release|Any CPU
	EndGlobalSection
	GlobalSection(ProjectConfigurationPlatforms) = postSolution
		{4B96E19E-C68C-4CFD-AC58-36CF3F724611}.Debug|Any CPU.ActiveCfg = Debug|Any CPU
		{4B96E19E-C68C-4CFD-AC58-36CF3F724611}.Debug|Any CPU.Build.0 = Debug|Any CPU
		{4B96E19E-C68C-4CFD-AC58-36CF3F724611}.Release|Any CPU.ActiveCfg = Release|Any CPU
		{4B96E19E-C68C-4CFD-AC58-36CF3F724611}.Release|Any CPU.Build.0 = Release|Any CPU
	EndGlobalSection
	GlobalSection(SolutionProperties) = preSolution
		HideSolutionNode = FALSE
	EndGlobalSection
	GlobalSection(ExtensibilityGlobals) = postSolution
		SolutionGuid = {BC8F9918-6FB5-4414-BF0A-E5E5B3E9C25D}
	EndGlobalSection
EndGlobal
